
Microsoft Visual Studio Solution File, Format Version 12.00
# Visual Studio Version 17
VisualStudioVersion = 17.8.34511.84
MinimumVisualStudioVersion = 10.0.40219.1
Project("{FAE04EC0-301F-11D3-BF4B-00C04F79EFBC}") = "ClipboardManager", "ClipboardManager\ClipboardManager.csproj", "{FC4BF09A-25DC-4A66-ACA6-B7508B4278E0}"
EndProject
Global
	GlobalSection(SolutionConfigurationPlatforms) = preSolution
		Debug|Any CPU = Debug|Any CPU
		Release|Any CPU = Release|Any CPU
	EndGlobalSection
	GlobalSection(ProjectConfigurationPlatforms) = postSolution
		{FC4BF09A-25DC-4A66-ACA6-B7508B4278E0}.Debug|Any CPU.ActiveCfg = Debug|Any CPU
		{FC4BF09A-25DC-4A66-ACA6-B7508B4278E0}.Debug|Any CPU.Build.0 = Debug|Any CPU
		{FC4BF09A-25DC-4A66-ACA6-B7508B4278E0}.Release|Any CPU.ActiveCfg = Release|Any CPU
		{FC4BF09A-25DC-4A66-ACA6-B7508B4278E0}.Release|Any CPU.Build.0 = Release|Any CPU
	EndGlobalSection
	GlobalSection(SolutionProperties) = preSolution
		HideSolutionNode = FALSE
	EndGlobalSection
	GlobalSection(ExtensibilityGlobals) = postSolution
		SolutionGuid = {72462E0F-86C3-45BE-9D6A-175594FA2A7D}
	EndGlobalSection
EndGlobal
